
Microsoft Visual Studio Solution File, Format Version 12.00
# Visual Studio Version 17
VisualStudioVersion = 17.8.34408.163
MinimumVisualStudioVersion = 10.0.40219.1
Project("{FAE04EC0-301F-11D3-BF4B-00C04F79EFBC}") = "Exa1", "Exa1\Exa1.csproj", "{3414E7F9-DE53-43E1-AB6B-8A5632390EF5}"
EndProject
Global
	GlobalSection(SolutionConfigurationPlatforms) = preSolution
		Debug|Any CPU = Debug|Any CPU
		Release|Any CPU = Release|Any CPU
	EndGlobalSection
	GlobalSection(ProjectConfigurationPlatforms) = postSolution
		{3414E7F9-DE53-43E1-AB6B-8A5632390EF5}.Debug|Any CPU.ActiveCfg = Debug|Any CPU
		{3414E7F9-DE53-43E1-AB6B-8A5632390EF5}.Debug|Any CPU.Build.0 = Debug|Any CPU
		{3414E7F9-DE53-43E1-AB6B-8A5632390EF5}.Release|Any CPU.ActiveCfg = Release|Any CPU
		{3414E7F9-DE53-43E1-AB6B-8A5632390EF5}.Release|Any CPU.Build.0 = Release|Any CPU
	EndGlobalSection
	GlobalSection(SolutionProperties) = preSolution
		HideSolutionNode = FALSE
	EndGlobalSection
	GlobalSection(ExtensibilityGlobals) = postSolution
		SolutionGuid = {1D03319A-238A-4B99-BED9-48D011156986}
	EndGlobalSection
EndGlobal
